
Microsoft Visual Studio Solution File, Format Version 12.00
# Visual Studio 15
VisualStudioVersion = 15.0.26124.0
MinimumVisualStudioVersion = 15.0.26124.0
Project("{FAE04EC0-301F-11D3-BF4B-00C04F79EFBC}") = "API", "API\API.csproj", "{518C03B4-6117-4447-8C16-50B60263F688}"
EndProject
Project("{FAE04EC0-301F-11D3-BF4B-00C04F79EFBC}") = "Core", "Core\Core.csproj", "{C7C21DDA-FCD7-47E2-8C4C-19EC266B42EE}"
EndProject
Project("{FAE04EC0-301F-11D3-BF4B-00C04F79EFBC}") = "Infrastructure", "Infrastructure\Infrastructure.csproj", "{5892BF8C-8CC0-4EF7-8738-6E28194B8694}"
EndProject
Global
	GlobalSection(SolutionConfigurationPlatforms) = preSolution
		Debug|Any CPU = Debug|Any CPU
		Debug|x64 = Debug|x64
		Debug|x86 = Debug|x86
		Release|Any CPU = Release|Any CPU
		Release|x64 = Release|x64
		Release|x86 = Release|x86
	EndGlobalSection
	GlobalSection(SolutionProperties) = preSolution
		HideSolutionNode = FALSE
	EndGlobalSection
	GlobalSection(ProjectConfigurationPlatforms) = postSolution
		{518C03B4-6117-4447-8C16-50B60263F688}.Debug|Any CPU.ActiveCfg = Debug|Any CPU
		{518C03B4-6117-4447-8C16-50B60263F688}.Debug|Any CPU.Build.0 = Debug|Any CPU
		{518C03B4-6117-4447-8C16-50B60263F688}.Debug|x64.ActiveCfg = Debug|Any CPU
		{518C03B4-6117-4447-8C16-50B60263F688}.Debug|x64.Build.0 = Debug|Any CPU
		{518C03B4-6117-4447-8C16-50B60263F688}.Debug|x86.ActiveCfg = Debug|Any CPU
		{518C03B4-6117-4447-8C16-50B60263F688}.Debug|x86.Build.0 = Debug|Any CPU
		{518C03B4-6117-4447-8C16-50B60263F688}.Release|Any CPU.ActiveCfg = Release|Any CPU
		{518C03B4-6117-4447-8C16-50B60263F688}.Release|Any CPU.Build.0 = Release|Any CPU
		{518C03B4-6117-4447-8C16-50B60263F688}.Release|x64.ActiveCfg = Release|Any CPU
		{518C03B4-6117-4447-8C16-50B60263F688}.Release|x64.Build.0 = Release|Any CPU
		{518C03B4-6117-4447-8C16-50B60263F688}.Release|x86.ActiveCfg = Release|Any CPU
		{518C03B4-6117-4447-8C16-50B60263F688}.Release|x86.Build.0 = Release|Any CPU
		{C7C21DDA-FCD7-47E2-8C4C-19EC266B42EE}.Debug|Any CPU.ActiveCfg = Debug|Any CPU
		{C7C21DDA-FCD7-47E2-8C4C-19EC266B42EE}.Debug|Any CPU.Build.0 = Debug|Any CPU
		{C7C21DDA-FCD7-47E2-8C4C-19EC266B42EE}.Debug|x64.ActiveCfg = Debug|Any CPU
		{C7C21DDA-FCD7-47E2-8C4C-19EC266B42EE}.Debug|x64.Build.0 = Debug|Any CPU
		{C7C21DDA-FCD7-47E2-8C4C-19EC266B42EE}.Debug|x86.ActiveCfg = Debug|Any CPU
		{C7C21DDA-FCD7-47E2-8C4C-19EC266B42EE}.Debug|x86.Build.0 = Debug|Any CPU
		{C7C21DDA-FCD7-47E2-8C4C-19EC266B42EE}.Release|Any CPU.ActiveCfg = Release|Any CPU
		{C7C21DDA-FCD7-47E2-8C4C-19EC266B42EE}.Release|Any CPU.Build.0 = Release|Any CPU
		{C7C21DDA-FCD7-47E2-8C4C-19EC266B42EE}.Release|x64.ActiveCfg = Release|Any CPU
		{C7C21DDA-FCD7-47E2-8C4C-19EC266B42EE}.Release|x64.Build.0 = Release|Any CPU
		{C7C21DDA-FCD7-47E2-8C4C-19EC266B42EE}.Release|x86.ActiveCfg = Release|Any CPU
		{C7C21DDA-FCD7-47E2-8C4C-19EC266B42EE}.Release|x86.Build.0 = Release|Any CPU
		{5892BF8C-8CC0-4EF7-8738-6E28194B8694}.Debug|Any CPU.ActiveCfg = Debug|Any CPU
		{5892BF8C-8CC0-4EF7-8738-6E28194B8694}.Debug|Any CPU.Build.0 = Debug|Any CPU
		{5892BF8C-8CC0-4EF7-8738-6E28194B8694}.Debug|x64.ActiveCfg = Debug|Any CPU
		{5892BF8C-8CC0-4EF7-8738-6E28194B8694}.Debug|x64.Build.0 = Debug|Any CPU
		{5892BF8C-8CC0-4EF7-8738-6E28194B8694}.Debug|x86.ActiveCfg = Debug|Any CPU
		{5892BF8C-8CC0-4EF7-8738-6E28194B8694}.Debug|x86.Build.0 = Debug|Any CPU
		{5892BF8C-8CC0-4EF7-8738-6E28194B8694}.Release|Any CPU.ActiveCfg = Release|Any CPU
		{5892BF8C-8CC0-4EF7-8738-6E28194B8694}.Release|Any CPU.Build.0 = Release|Any CPU
		{5892BF8C-8CC0-4EF7-8738-6E28194B8694}.Release|x64.ActiveCfg = Release|Any CPU
		{5892BF8C-8CC0-4EF7-8738-6E28194B8694}.Release|x64.Build.0 = Release|Any CPU
		{5892BF8C-8CC0-4EF7-8738-6E28194B8694}.Release|x86.ActiveCfg = Release|Any CPU
		{5892BF8C-8CC0-4EF7-8738-6E28194B8694}.Release|x86.Build.0 = Release|Any CPU
	EndGlobalSection
EndGlobal
